
Microsoft Visual Studio Solution File, Format Version 12.00
# Visual Studio Version 17
VisualStudioVersion = 17.6.33815.320
MinimumVisualStudioVersion = 10.0.40219.1
Project("{9A19103F-16F7-4668-BE54-9A1E7A4F7556}") = "AquaHelps.Client", "AquaHelps.Client\AquaHelps.Client.csproj", "{0EFE680D-407C-4AE8-AB99-6D93FFB72C69}"
EndProject
Project("{9A19103F-16F7-4668-BE54-9A1E7A4F7556}") = "AquaHelps.Domain", "AquaHelps.Domain\AquaHelps.Domain.csproj", "{6674FDBE-D4D9-40D2-8E29-CA09F175B909}"
EndProject
Project("{9A19103F-16F7-4668-BE54-9A1E7A4F7556}") = "AquaHelps.Application", "AquaHelps.Application\AquaHelps.Application.csproj", "{B05107A8-3E5C-4DDD-9CBE-2073E0B43850}"
EndProject
Project("{9A19103F-16F7-4668-BE54-9A1E7A4F7556}") = "AquaHelps.Infrastructure", "AquaHelps.Infrastructure\AquaHelps.Infrastructure.csproj", "{5374EC77-F2BE-4DEB-83FA-11E0F698D976}"
EndProject
Project("{FAE04EC0-301F-11D3-BF4B-00C04F79EFBC}") = "AquaHelps.Server", "AquaHelps.Server\AquaHelps.Server.csproj", "{008ECB84-EBDC-44A3-9B95-8399E9B1F16B}"
EndProject
Project("{FAE04EC0-301F-11D3-BF4B-00C04F79EFBC}") = "AquaHelps.Blazor", "AquaHelps.Blazor\AquaHelps.Blazor.csproj", "{3742364F-2299-45C3-AA5F-C311DB4593B8}"
EndProject
Global
	GlobalSection(SolutionConfigurationPlatforms) = preSolution
		Debug|Any CPU = Debug|Any CPU
		Release|Any CPU = Release|Any CPU
	EndGlobalSection
	GlobalSection(ProjectConfigurationPlatforms) = postSolution
		{0EFE680D-407C-4AE8-AB99-6D93FFB72C69}.Debug|Any CPU.ActiveCfg = Debug|Any CPU
		{0EFE680D-407C-4AE8-AB99-6D93FFB72C69}.Debug|Any CPU.Build.0 = Debug|Any CPU
		{0EFE680D-407C-4AE8-AB99-6D93FFB72C69}.Release|Any CPU.ActiveCfg = Release|Any CPU
		{0EFE680D-407C-4AE8-AB99-6D93FFB72C69}.Release|Any CPU.Build.0 = Release|Any CPU
		{6674FDBE-D4D9-40D2-8E29-CA09F175B909}.Debug|Any CPU.ActiveCfg = Debug|Any CPU
		{6674FDBE-D4D9-40D2-8E29-CA09F175B909}.Debug|Any CPU.Build.0 = Debug|Any CPU
		{6674FDBE-D4D9-40D2-8E29-CA09F175B909}.Release|Any CPU.ActiveCfg = Release|Any CPU
		{6674FDBE-D4D9-40D2-8E29-CA09F175B909}.Release|Any CPU.Build.0 = Release|Any CPU
		{B05107A8-3E5C-4DDD-9CBE-2073E0B43850}.Debug|Any CPU.ActiveCfg = Debug|Any CPU
		{B05107A8-3E5C-4DDD-9CBE-2073E0B43850}.Debug|Any CPU.Build.0 = Debug|Any CPU
		{B05107A8-3E5C-4DDD-9CBE-2073E0B43850}.Release|Any CPU.ActiveCfg = Release|Any CPU
		{B05107A8-3E5C-4DDD-9CBE-2073E0B43850}.Release|Any CPU.Build.0 = Release|Any CPU
		{5374EC77-F2BE-4DEB-83FA-11E0F698D976}.Debug|Any CPU.ActiveCfg = Debug|Any CPU
		{5374EC77-F2BE-4DEB-83FA-11E0F698D976}.Debug|Any CPU.Build.0 = Debug|Any CPU
		{5374EC77-F2BE-4DEB-83FA-11E0F698D976}.Release|Any CPU.ActiveCfg = Release|Any CPU
		{5374EC77-F2BE-4DEB-83FA-11E0F698D976}.Release|Any CPU.Build.0 = Release|Any CPU
		{008ECB84-EBDC-44A3-9B95-8399E9B1F16B}.Debug|Any CPU.ActiveCfg = Debug|Any CPU
		{008ECB84-EBDC-44A3-9B95-8399E9B1F16B}.Debug|Any CPU.Build.0 = Debug|Any CPU
		{008ECB84-EBDC-44A3-9B95-8399E9B1F16B}.Release|Any CPU.ActiveCfg = Release|Any CPU
		{008ECB84-EBDC-44A3-9B95-8399E9B1F16B}.Release|Any CPU.Build.0 = Release|Any CPU
		{3742364F-2299-45C3-AA5F-C311DB4593B8}.Debug|Any CPU.ActiveCfg = Debug|Any CPU
		{3742364F-2299-45C3-AA5F-C311DB4593B8}.Debug|Any CPU.Build.0 = Debug|Any CPU
		{3742364F-2299-45C3-AA5F-C311DB4593B8}.Release|Any CPU.ActiveCfg = Release|Any CPU
		{3742364F-2299-45C3-AA5F-C311DB4593B8}.Release|Any CPU.Build.0 = Release|Any CPU
	EndGlobalSection
	GlobalSection(SolutionProperties) = preSolution
		HideSolutionNode = FALSE
	EndGlobalSection
	GlobalSection(ExtensibilityGlobals) = postSolution
		SolutionGuid = {F54F46EF-0728-456B-9016-1952DA9AE0CA}
	EndGlobalSection
EndGlobal
